// !$*UTF8*$!
{
	archiveVersion = 1;
	classes = {
	};
	objectVersion = 55;
	objects = {

/* Begin PBXBuildFile section */
		3A1831FA892FB2D85B53083B /* Pods_fiteasy.framework in Frameworks */ = {isa = PBXBuildFile; fileRef = 4A8F108B93F717D61DBAEDC4 /* Pods_fiteasy.framework */; };
		A9266CF3284787BC0015F0A1 /* Utilities.swift in Sources */ = {isa = PBXBuildFile; fileRef = A9266CF2284787BC0015F0A1 /* Utilities.swift */; };
		A9266D152847B9A60015F0A1 /* Constants.swift in Sources */ = {isa = PBXBuildFile; fileRef = A9266D142847B9A60015F0A1 /* Constants.swift */; };
		A9266D172847BB080015F0A1 /* myPlanViewController.swift in Sources */ = {isa = PBXBuildFile; fileRef = A9266D162847BB080015F0A1 /* myPlanViewController.swift */; };
		A92A31F62855DEC7007565B1 /* MessageCell.swift in Sources */ = {isa = PBXBuildFile; fileRef = A92A31F42855DEC7007565B1 /* MessageCell.swift */; };
		A92A31F72855DEC7007565B1 /* MessageCell.xib in Resources */ = {isa = PBXBuildFile; fileRef = A92A31F52855DEC7007565B1 /* MessageCell.xib */; };
		A92A3202285751EC007565B1 /* Trainer_TrainPlan.swift in Sources */ = {isa = PBXBuildFile; fileRef = A92A3201285751EC007565B1 /* Trainer_TrainPlan.swift */; };
		A92A3204285754F4007565B1 /* Trainer.swift in Sources */ = {isa = PBXBuildFile; fileRef = A92A3203285754F4007565B1 /* Trainer.swift */; };
		A945726E286C9C40009E4D4F /* cellData.swift in Sources */ = {isa = PBXBuildFile; fileRef = A945726D286C9C40009E4D4F /* cellData.swift */; };
		A95891B02865C07E00AB3F13 /* mainMenuViewController.swift in Sources */ = {isa = PBXBuildFile; fileRef = A95891AF2865C07E00AB3F13 /* mainMenuViewController.swift */; };
		A96104C42868C8A50093DBDC /* trainViewController.swift in Sources */ = {isa = PBXBuildFile; fileRef = A96104C32868C8A50093DBDC /* trainViewController.swift */; };
		A9671488285B311000F525CF /* NIO in Frameworks */ = {isa = PBXBuildFile; productRef = A9671487285B311000F525CF /* NIO */; };
		A967148A285B760000F525CF /* newUserViewController.swift in Sources */ = {isa = PBXBuildFile; fileRef = A9671489285B760000F525CF /* newUserViewController.swift */; };
		A96CAA182845E0D8006114BE /* AppDelegate.swift in Sources */ = {isa = PBXBuildFile; fileRef = A96CAA172845E0D8006114BE /* AppDelegate.swift */; };
		A96CAA1A2845E0D8006114BE /* SceneDelegate.swift in Sources */ = {isa = PBXBuildFile; fileRef = A96CAA192845E0D8006114BE /* SceneDelegate.swift */; };
		A96CAA1F2845E0D8006114BE /* Main.storyboard in Resources */ = {isa = PBXBuildFile; fileRef = A96CAA1D2845E0D8006114BE /* Main.storyboard */; };
		A96CAA212845E0D9006114BE /* Assets.xcassets in Resources */ = {isa = PBXBuildFile; fileRef = A96CAA202845E0D9006114BE /* Assets.xcassets */; };
		A96CAA242845E0D9006114BE /* LaunchScreen.storyboard in Resources */ = {isa = PBXBuildFile; fileRef = A96CAA222845E0D9006114BE /* LaunchScreen.storyboard */; };
		A96CAA2F2845E0DA006114BE /* fiteasyTests.swift in Sources */ = {isa = PBXBuildFile; fileRef = A96CAA2E2845E0DA006114BE /* fiteasyTests.swift */; };
		A96CAA392845E0DA006114BE /* fiteasyUITests.swift in Sources */ = {isa = PBXBuildFile; fileRef = A96CAA382845E0DA006114BE /* fiteasyUITests.swift */; };
		A96CAA3B2845E0DA006114BE /* fiteasyUITestsLaunchTests.swift in Sources */ = {isa = PBXBuildFile; fileRef = A96CAA3A2845E0DA006114BE /* fiteasyUITestsLaunchTests.swift */; };
		A96CAA4B284606BE006114BE /* loginViewController.swift in Sources */ = {isa = PBXBuildFile; fileRef = A96CAA4A284606BE006114BE /* loginViewController.swift */; };
		A96CAA4D28460766006114BE /* startViewController.swift in Sources */ = {isa = PBXBuildFile; fileRef = A96CAA4C28460766006114BE /* startViewController.swift */; };
		A96CAA4F28460791006114BE /* registerViewController.swift in Sources */ = {isa = PBXBuildFile; fileRef = A96CAA4E28460791006114BE /* registerViewController.swift */; };
		A96CAA51284635FB006114BE /* GoogleService-Info.plist in Resources */ = {isa = PBXBuildFile; fileRef = A96CAA50284635FB006114BE /* GoogleService-Info.plist */; };
		A99667E2286F321D00E8F60D /* Trainer_TrainPlan_exercises.swift in Sources */ = {isa = PBXBuildFile; fileRef = A99667E1286F321D00E8F60D /* Trainer_TrainPlan_exercises.swift */; };
		A99667E5286F61A500E8F60D /* SoundPlayer.swift in Sources */ = {isa = PBXBuildFile; fileRef = A99667E4286F61A500E8F60D /* SoundPlayer.swift */; };
		A99667E7286F67E400E8F60D /* endRest.mp3 in Resources */ = {isa = PBXBuildFile; fileRef = A99667E6286F67E400E8F60D /* endRest.mp3 */; };
		A99667EA286F68D800E8F60D /* endViewController.swift in Sources */ = {isa = PBXBuildFile; fileRef = A99667E8286F68D800E8F60D /* endViewController.swift */; };
/* End PBXBuildFile section */

/* Begin PBXContainerItemProxy section */
		A96CAA2B2845E0DA006114BE /* PBXContainerItemProxy */ = {
			isa = PBXContainerItemProxy;
			containerPortal = A96CAA0C2845E0D8006114BE /* Project object */;
			proxyType = 1;
			remoteGlobalIDString = A96CAA132845E0D8006114BE;
			remoteInfo = fiteasy;
		};
		A96CAA352845E0DA006114BE /* PBXContainerItemProxy */ = {
			isa = PBXContainerItemProxy;
			containerPortal = A96CAA0C2845E0D8006114BE /* Project object */;
			proxyType = 1;
			remoteGlobalIDString = A96CAA132845E0D8006114BE;
			remoteInfo = fiteasy;
		};
/* End PBXContainerItemProxy section */

/* Begin PBXFileReference section */
		4A8F108B93F717D61DBAEDC4 /* Pods_fiteasy.framework */ = {isa = PBXFileReference; explicitFileType = wrapper.framework; includeInIndex = 0; path = Pods_fiteasy.framework; sourceTree = BUILT_PRODUCTS_DIR; };
		83A73840ED183E942EC519B0 /* Pods-fiteasy.release.xcconfig */ = {isa = PBXFileReference; includeInIndex = 1; lastKnownFileType = text.xcconfig; name = "Pods-fiteasy.release.xcconfig"; path = "Target Support Files/Pods-fiteasy/Pods-fiteasy.release.xcconfig"; sourceTree = "<group>"; };
		89C2E22EA1A41D083019EB2D /* Pods-fiteasy.debug.xcconfig */ = {isa = PBXFileReference; includeInIndex = 1; lastKnownFileType = text.xcconfig; name = "Pods-fiteasy.debug.xcconfig"; path = "Target Support Files/Pods-fiteasy/Pods-fiteasy.debug.xcconfig"; sourceTree = "<group>"; };
		A9266CF2284787BC0015F0A1 /* Utilities.swift */ = {isa = PBXFileReference; fileEncoding = 4; lastKnownFileType = sourcecode.swift; path = Utilities.swift; sourceTree = "<group>"; };
		A9266D142847B9A60015F0A1 /* Constants.swift */ = {isa = PBXFileReference; lastKnownFileType = sourcecode.swift; path = Constants.swift; sourceTree = "<group>"; };
		A9266D162847BB080015F0A1 /* myPlanViewController.swift */ = {isa = PBXFileReference; lastKnownFileType = sourcecode.swift; path = myPlanViewController.swift; sourceTree = "<group>"; };
		A92A31F42855DEC7007565B1 /* MessageCell.swift */ = {isa = PBXFileReference; lastKnownFileType = sourcecode.swift; path = MessageCell.swift; sourceTree = "<group>"; };
		A92A31F52855DEC7007565B1 /* MessageCell.xib */ = {isa = PBXFileReference; lastKnownFileType = file.xib; path = MessageCell.xib; sourceTree = "<group>"; };
		A92A3201285751EC007565B1 /* Trainer_TrainPlan.swift */ = {isa = PBXFileReference; lastKnownFileType = sourcecode.swift; path = Trainer_TrainPlan.swift; sourceTree = "<group>"; };
		A92A3203285754F4007565B1 /* Trainer.swift */ = {isa = PBXFileReference; lastKnownFileType = sourcecode.swift; path = Trainer.swift; sourceTree = "<group>"; };
		A945726D286C9C40009E4D4F /* cellData.swift */ = {isa = PBXFileReference; lastKnownFileType = sourcecode.swift; path = cellData.swift; sourceTree = "<group>"; };
		A95891AF2865C07E00AB3F13 /* mainMenuViewController.swift */ = {isa = PBXFileReference; lastKnownFileType = sourcecode.swift; path = mainMenuViewController.swift; sourceTree = "<group>"; };
		A96104C32868C8A50093DBDC /* trainViewController.swift */ = {isa = PBXFileReference; lastKnownFileType = sourcecode.swift; path = trainViewController.swift; sourceTree = "<group>"; };
		A9671489285B760000F525CF /* newUserViewController.swift */ = {isa = PBXFileReference; lastKnownFileType = sourcecode.swift; path = newUserViewController.swift; sourceTree = "<group>"; };
		A96CAA142845E0D8006114BE /* fiteasy.app */ = {isa = PBXFileReference; explicitFileType = wrapper.application; includeInIndex = 0; path = fiteasy.app; sourceTree = BUILT_PRODUCTS_DIR; };
		A96CAA172845E0D8006114BE /* AppDelegate.swift */ = {isa = PBXFileReference; lastKnownFileType = sourcecode.swift; path = AppDelegate.swift; sourceTree = "<group>"; };
		A96CAA192845E0D8006114BE /* SceneDelegate.swift */ = {isa = PBXFileReference; lastKnownFileType = sourcecode.swift; path = SceneDelegate.swift; sourceTree = "<group>"; };
		A96CAA1E2845E0D8006114BE /* Base */ = {isa = PBXFileReference; lastKnownFileType = file.storyboard; name = Base; path = Base.lproj/Main.storyboard; sourceTree = "<group>"; };
		A96CAA202845E0D9006114BE /* Assets.xcassets */ = {isa = PBXFileReference; lastKnownFileType = folder.assetcatalog; path = Assets.xcassets; sourceTree = "<group>"; };
		A96CAA232845E0D9006114BE /* Base */ = {isa = PBXFileReference; lastKnownFileType = file.storyboard; name = Base; path = Base.lproj/LaunchScreen.storyboard; sourceTree = "<group>"; };
		A96CAA252845E0D9006114BE /* Info.plist */ = {isa = PBXFileReference; lastKnownFileType = text.plist.xml; path = Info.plist; sourceTree = "<group>"; };
		A96CAA2A2845E0D9006114BE /* fiteasyTests.xctest */ = {isa = PBXFileReference; explicitFileType = wrapper.cfbundle; includeInIndex = 0; path = fiteasyTests.xctest; sourceTree = BUILT_PRODUCTS_DIR; };
		A96CAA2E2845E0DA006114BE /* fiteasyTests.swift */ = {isa = PBXFileReference; lastKnownFileType = sourcecode.swift; path = fiteasyTests.swift; sourceTree = "<group>"; };
		A96CAA342845E0DA006114BE /* fiteasyUITests.xctest */ = {isa = PBXFileReference; explicitFileType = wrapper.cfbundle; includeInIndex = 0; path = fiteasyUITests.xctest; sourceTree = BUILT_PRODUCTS_DIR; };
		A96CAA382845E0DA006114BE /* fiteasyUITests.swift */ = {isa = PBXFileReference; lastKnownFileType = sourcecode.swift; path = fiteasyUITests.swift; sourceTree = "<group>"; };
		A96CAA3A2845E0DA006114BE /* fiteasyUITestsLaunchTests.swift */ = {isa = PBXFileReference; lastKnownFileType = sourcecode.swift; path = fiteasyUITestsLaunchTests.swift; sourceTree = "<group>"; };
		A96CAA4A284606BE006114BE /* loginViewController.swift */ = {isa = PBXFileReference; lastKnownFileType = sourcecode.swift; path = loginViewController.swift; sourceTree = "<group>"; };
		A96CAA4C28460766006114BE /* startViewController.swift */ = {isa = PBXFileReference; lastKnownFileType = sourcecode.swift; path = startViewController.swift; sourceTree = "<group>"; };
		A96CAA4E28460791006114BE /* registerViewController.swift */ = {isa = PBXFileReference; lastKnownFileType = sourcecode.swift; path = registerViewController.swift; sourceTree = "<group>"; };
		A96CAA50284635FB006114BE /* GoogleService-Info.plist */ = {isa = PBXFileReference; fileEncoding = 4; lastKnownFileType = text.plist.xml; path = "GoogleService-Info.plist"; sourceTree = "<group>"; };
		A99667E1286F321D00E8F60D /* Trainer_TrainPlan_exercises.swift */ = {isa = PBXFileReference; lastKnownFileType = sourcecode.swift; path = Trainer_TrainPlan_exercises.swift; sourceTree = "<group>"; };
		A99667E4286F61A500E8F60D /* SoundPlayer.swift */ = {isa = PBXFileReference; lastKnownFileType = sourcecode.swift; path = SoundPlayer.swift; sourceTree = "<group>"; };
		A99667E6286F67E400E8F60D /* endRest.mp3 */ = {isa = PBXFileReference; lastKnownFileType = audio.mp3; path = endRest.mp3; sourceTree = "<group>"; };
		A99667E8286F68D800E8F60D /* endViewController.swift */ = {isa = PBXFileReference; lastKnownFileType = sourcecode.swift; path = endViewController.swift; sourceTree = "<group>"; };
/* End PBXFileReference section */

/* Begin PBXFrameworksBuildPhase section */
		A96CAA112845E0D8006114BE /* Frameworks */ = {
			isa = PBXFrameworksBuildPhase;
			buildActionMask = 2147483647;
			files = (
				3A1831FA892FB2D85B53083B /* Pods_fiteasy.framework in Frameworks */,
				A9671488285B311000F525CF /* NIO in Frameworks */,
			);
			runOnlyForDeploymentPostprocessing = 0;
		};
		A96CAA272845E0D9006114BE /* Frameworks */ = {
			isa = PBXFrameworksBuildPhase;
			buildActionMask = 2147483647;
			files = (
			);
			runOnlyForDeploymentPostprocessing = 0;
		};
		A96CAA312845E0DA006114BE /* Frameworks */ = {
			isa = PBXFrameworksBuildPhase;
			buildActionMask = 2147483647;
			files = (
			);
			runOnlyForDeploymentPostprocessing = 0;
		};
/* End PBXFrameworksBuildPhase section */

/* Begin PBXGroup section */
		4AEB5306F34427BB5C331CA0 /* Frameworks */ = {
			isa = PBXGroup;
			children = (
				4A8F108B93F717D61DBAEDC4 /* Pods_fiteasy.framework */,
			);
			name = Frameworks;
			sourceTree = "<group>";
		};
		A9266CF1284787510015F0A1 /* Utilities */ = {
			isa = PBXGroup;
			children = (
				A99667E3286F609100E8F60D /* sound */,
				A9266D112847B86F0015F0A1 /* Strings */,
				A9266CF2284787BC0015F0A1 /* Utilities.swift */,
			);
			path = Utilities;
			sourceTree = "<group>";
		};
		A9266D112847B86F0015F0A1 /* Strings */ = {
			isa = PBXGroup;
			children = (
				A9266D142847B9A60015F0A1 /* Constants.swift */,
			);
			path = Strings;
			sourceTree = "<group>";
		};
		A96CAA0B2845E0D8006114BE = {
			isa = PBXGroup;
			children = (
				A96CAA162845E0D8006114BE /* fiteasy */,
				A96CAA2D2845E0DA006114BE /* fiteasyTests */,
				A96CAA372845E0DA006114BE /* fiteasyUITests */,
				A96CAA152845E0D8006114BE /* Products */,
				C83D280221C11DFA8DA20787 /* Pods */,
				4AEB5306F34427BB5C331CA0 /* Frameworks */,
			);
			sourceTree = "<group>";
		};
		A96CAA152845E0D8006114BE /* Products */ = {
			isa = PBXGroup;
			children = (
				A96CAA142845E0D8006114BE /* fiteasy.app */,
				A96CAA2A2845E0D9006114BE /* fiteasyTests.xctest */,
				A96CAA342845E0DA006114BE /* fiteasyUITests.xctest */,
			);
			name = Products;
			sourceTree = "<group>";
		};
		A96CAA162845E0D8006114BE /* fiteasy */ = {
			isa = PBXGroup;
			children = (
				A9266CF1284787510015F0A1 /* Utilities */,
				A96CAA472845E0F9006114BE /* Model */,
				A96CAA482845E110006114BE /* View */,
				A96CAA492845E126006114BE /* Controller */,
				A96CAA172845E0D8006114BE /* AppDelegate.swift */,
				A96CAA192845E0D8006114BE /* SceneDelegate.swift */,
				A96CAA202845E0D9006114BE /* Assets.xcassets */,
				A96CAA222845E0D9006114BE /* LaunchScreen.storyboard */,
				A96CAA252845E0D9006114BE /* Info.plist */,
				A96CAA50284635FB006114BE /* GoogleService-Info.plist */,
			);
			path = fiteasy;
			sourceTree = "<group>";
		};
		A96CAA2D2845E0DA006114BE /* fiteasyTests */ = {
			isa = PBXGroup;
			children = (
				A96CAA2E2845E0DA006114BE /* fiteasyTests.swift */,
			);
			path = fiteasyTests;
			sourceTree = "<group>";
		};
		A96CAA372845E0DA006114BE /* fiteasyUITests */ = {
			isa = PBXGroup;
			children = (
				A96CAA382845E0DA006114BE /* fiteasyUITests.swift */,
				A96CAA3A2845E0DA006114BE /* fiteasyUITestsLaunchTests.swift */,
			);
			path = fiteasyUITests;
			sourceTree = "<group>";
		};
		A96CAA472845E0F9006114BE /* Model */ = {
			isa = PBXGroup;
			children = (
				A9EAB8262860816E00229DDF /* DataModel */,
				A945726D286C9C40009E4D4F /* cellData.swift */,
				A99667E4286F61A500E8F60D /* SoundPlayer.swift */,
			);
			path = Model;
			sourceTree = "<group>";
		};
		A96CAA482845E110006114BE /* View */ = {
			isa = PBXGroup;
			children = (
				A92A31F52855DEC7007565B1 /* MessageCell.xib */,
				A96CAA1D2845E0D8006114BE /* Main.storyboard */,
			);
			path = View;
			sourceTree = "<group>";
		};
		A96CAA492845E126006114BE /* Controller */ = {
			isa = PBXGroup;
			children = (
				A96CAA4A284606BE006114BE /* loginViewController.swift */,
				A96CAA4C28460766006114BE /* startViewController.swift */,
				A96CAA4E28460791006114BE /* registerViewController.swift */,
				A9266D162847BB080015F0A1 /* myPlanViewController.swift */,
				A92A31F42855DEC7007565B1 /* MessageCell.swift */,
				A9671489285B760000F525CF /* newUserViewController.swift */,
				A95891AF2865C07E00AB3F13 /* mainMenuViewController.swift */,
				A96104C32868C8A50093DBDC /* trainViewController.swift */,
				A99667E8286F68D800E8F60D /* endViewController.swift */,
			);
			path = Controller;
			sourceTree = "<group>";
		};
		A99667E3286F609100E8F60D /* sound */ = {
			isa = PBXGroup;
			children = (
				A99667E6286F67E400E8F60D /* endRest.mp3 */,
			);
			path = sound;
			sourceTree = "<group>";
		};
		A9EAB8262860816E00229DDF /* DataModel */ = {
			isa = PBXGroup;
			children = (
				A92A3203285754F4007565B1 /* Trainer.swift */,
				A92A3201285751EC007565B1 /* Trainer_TrainPlan.swift */,
				A99667E1286F321D00E8F60D /* Trainer_TrainPlan_exercises.swift */,
			);
			path = DataModel;
			sourceTree = "<group>";
		};
		C83D280221C11DFA8DA20787 /* Pods */ = {
			isa = PBXGroup;
			children = (
				89C2E22EA1A41D083019EB2D /* Pods-fiteasy.debug.xcconfig */,
				83A73840ED183E942EC519B0 /* Pods-fiteasy.release.xcconfig */,
			);
			path = Pods;
			sourceTree = "<group>";
		};
/* End PBXGroup section */

/* Begin PBXNativeTarget section */
		A96CAA132845E0D8006114BE /* fiteasy */ = {
			isa = PBXNativeTarget;
			buildConfigurationList = A96CAA3E2845E0DA006114BE /* Build configuration list for PBXNativeTarget "fiteasy" */;
			buildPhases = (
				FB47B6A8FD746F49129B7EB2 /* [CP] Check Pods Manifest.lock */,
				A96CAA102845E0D8006114BE /* Sources */,
				A96CAA112845E0D8006114BE /* Frameworks */,
				A96CAA122845E0D8006114BE /* Resources */,
				A9D2A965FB2814A0BDA34107 /* [CP] Embed Pods Frameworks */,
			);
			buildRules = (
			);
			dependencies = (
			);
			name = fiteasy;
			packageProductDependencies = (
				A9671487285B311000F525CF /* NIO */,
			);
			productName = fiteasy;
			productReference = A96CAA142845E0D8006114BE /* fiteasy.app */;
			productType = "com.apple.product-type.application";
		};
		A96CAA292845E0D9006114BE /* fiteasyTests */ = {
			isa = PBXNativeTarget;
			buildConfigurationList = A96CAA412845E0DA006114BE /* Build configuration list for PBXNativeTarget "fiteasyTests" */;
			buildPhases = (
				A96CAA262845E0D9006114BE /* Sources */,
				A96CAA272845E0D9006114BE /* Frameworks */,
				A96CAA282845E0D9006114BE /* Resources */,
			);
			buildRules = (
			);
			dependencies = (
				A96CAA2C2845E0DA006114BE /* PBXTargetDependency */,
			);
			name = fiteasyTests;
			productName = fiteasyTests;
			productReference = A96CAA2A2845E0D9006114BE /* fiteasyTests.xctest */;
			productType = "com.apple.product-type.bundle.unit-test";
		};
		A96CAA332845E0DA006114BE /* fiteasyUITests */ = {
			isa = PBXNativeTarget;
			buildConfigurationList = A96CAA442845E0DA006114BE /* Build configuration list for PBXNativeTarget "fiteasyUITests" */;
			buildPhases = (
				A96CAA302845E0DA006114BE /* Sources */,
				A96CAA312845E0DA006114BE /* Frameworks */,
				A96CAA322845E0DA006114BE /* Resources */,
			);
			buildRules = (
			);
			dependencies = (
				A96CAA362845E0DA006114BE /* PBXTargetDependency */,
			);
			name = fiteasyUITests;
			productName = fiteasyUITests;
			productReference = A96CAA342845E0DA006114BE /* fiteasyUITests.xctest */;
			productType = "com.apple.product-type.bundle.ui-testing";
		};
/* End PBXNativeTarget section */

/* Begin PBXProject section */
		A96CAA0C2845E0D8006114BE /* Project object */ = {
			isa = PBXProject;
			attributes = {
				BuildIndependentTargetsInParallel = 1;
				LastSwiftUpdateCheck = 1340;
				LastUpgradeCheck = 1340;
				TargetAttributes = {
					A96CAA132845E0D8006114BE = {
						CreatedOnToolsVersion = 13.4;
					};
					A96CAA292845E0D9006114BE = {
						CreatedOnToolsVersion = 13.4;
						TestTargetID = A96CAA132845E0D8006114BE;
					};
					A96CAA332845E0DA006114BE = {
						CreatedOnToolsVersion = 13.4;
						TestTargetID = A96CAA132845E0D8006114BE;
					};
				};
			};
			buildConfigurationList = A96CAA0F2845E0D8006114BE /* Build configuration list for PBXProject "fiteasy" */;
			compatibilityVersion = "Xcode 13.0";
			developmentRegion = en;
			hasScannedForEncodings = 0;
			knownRegions = (
				en,
				Base,
			);
			mainGroup = A96CAA0B2845E0D8006114BE;
			packageReferences = (
				A9671486285B311000F525CF /* XCRemoteSwiftPackageReference "swift-nio" */,
			);
			productRefGroup = A96CAA152845E0D8006114BE /* Products */;
			projectDirPath = "";
			projectRoot = "";
			targets = (
				A96CAA132845E0D8006114BE /* fiteasy */,
				A96CAA292845E0D9006114BE /* fiteasyTests */,
				A96CAA332845E0DA006114BE /* fiteasyUITests */,
			);
		};
/* End PBXProject section */

/* Begin PBXResourcesBuildPhase section */
		A96CAA122845E0D8006114BE /* Resources */ = {
			isa = PBXResourcesBuildPhase;
			buildActionMask = 2147483647;
			files = (
				A99667E7286F67E400E8F60D /* endRest.mp3 in Resources */,
				A92A31F72855DEC7007565B1 /* MessageCell.xib in Resources */,
				A96CAA242845E0D9006114BE /* LaunchScreen.storyboard in Resources */,
				A96CAA51284635FB006114BE /* GoogleService-Info.plist in Resources */,
				A96CAA212845E0D9006114BE /* Assets.xcassets in Resources */,
				A96CAA1F2845E0D8006114BE /* Main.storyboard in Resources */,
			);
			runOnlyForDeploymentPostprocessing = 0;
		};
		A96CAA282845E0D9006114BE /* Resources */ = {
			isa = PBXResourcesBuildPhase;
			buildActionMask = 2147483647;
			files = (
			);
			runOnlyForDeploymentPostprocessing = 0;
		};
		A96CAA322845E0DA006114BE /* Resources */ = {
			isa = PBXResourcesBuildPhase;
			buildActionMask = 2147483647;
			files = (
			);
			runOnlyForDeploymentPostprocessing = 0;
		};
/* End PBXResourcesBuildPhase section */

/* Begin PBXShellScriptBuildPhase section */
		A9D2A965FB2814A0BDA34107 /* [CP] Embed Pods Frameworks */ = {
			isa = PBXShellScriptBuildPhase;
			buildActionMask = 2147483647;
			files = (
			);
			inputFileListPaths = (
				"${PODS_ROOT}/Target Support Files/Pods-fiteasy/Pods-fiteasy-frameworks-${CONFIGURATION}-input-files.xcfilelist",
			);
			name = "[CP] Embed Pods Frameworks";
			outputFileListPaths = (
				"${PODS_ROOT}/Target Support Files/Pods-fiteasy/Pods-fiteasy-frameworks-${CONFIGURATION}-output-files.xcfilelist",
			);
			runOnlyForDeploymentPostprocessing = 0;
			shellPath = /bin/sh;
			shellScript = "\"${PODS_ROOT}/Target Support Files/Pods-fiteasy/Pods-fiteasy-frameworks.sh\"\n";
			showEnvVarsInLog = 0;
		};
		FB47B6A8FD746F49129B7EB2 /* [CP] Check Pods Manifest.lock */ = {
			isa = PBXShellScriptBuildPhase;
			buildActionMask = 2147483647;
			files = (
			);
			inputFileListPaths = (
			);
			inputPaths = (
				"${PODS_PODFILE_DIR_PATH}/Podfile.lock",
				"${PODS_ROOT}/Manifest.lock",
			);
			name = "[CP] Check Pods Manifest.lock";
			outputFileListPaths = (
			);
			outputPaths = (
				"$(DERIVED_FILE_DIR)/Pods-fiteasy-checkManifestLockResult.txt",
			);
			runOnlyForDeploymentPostprocessing = 0;
			shellPath = /bin/sh;
			shellScript = "diff \"${PODS_PODFILE_DIR_PATH}/Podfile.lock\" \"${PODS_ROOT}/Manifest.lock\" > /dev/null\nif [ $? != 0 ] ; then\n    # print error to STDERR\n    echo \"error: The sandbox is not in sync with the Podfile.lock. Run 'pod install' or update your CocoaPods installation.\" >&2\n    exit 1\nfi\n# This output is used by Xcode 'outputs' to avoid re-running this script phase.\necho \"SUCCESS\" > \"${SCRIPT_OUTPUT_FILE_0}\"\n";
			showEnvVarsInLog = 0;
		};
/* End PBXShellScriptBuildPhase section */

/* Begin PBXSourcesBuildPhase section */
		A96CAA102845E0D8006114BE /* Sources */ = {
			isa = PBXSourcesBuildPhase;
			buildActionMask = 2147483647;
			files = (
				A99667E2286F321D00E8F60D /* Trainer_TrainPlan_exercises.swift in Sources */,
				A92A3204285754F4007565B1 /* Trainer.swift in Sources */,
				A96104C42868C8A50093DBDC /* trainViewController.swift in Sources */,
				A945726E286C9C40009E4D4F /* cellData.swift in Sources */,
				A99667EA286F68D800E8F60D /* endViewController.swift in Sources */,
				A9266CF3284787BC0015F0A1 /* Utilities.swift in Sources */,
				A96CAA4B284606BE006114BE /* loginViewController.swift in Sources */,
				A96CAA4F28460791006114BE /* registerViewController.swift in Sources */,
				A92A3202285751EC007565B1 /* Trainer_TrainPlan.swift in Sources */,
				A96CAA4D28460766006114BE /* startViewController.swift in Sources */,
				A95891B02865C07E00AB3F13 /* mainMenuViewController.swift in Sources */,
				A967148A285B760000F525CF /* newUserViewController.swift in Sources */,
				A96CAA182845E0D8006114BE /* AppDelegate.swift in Sources */,
				A9266D172847BB080015F0A1 /* myPlanViewController.swift in Sources */,
				A96CAA1A2845E0D8006114BE /* SceneDelegate.swift in Sources */,
				A9266D152847B9A60015F0A1 /* Constants.swift in Sources */,
				A99667E5286F61A500E8F60D /* SoundPlayer.swift in Sources */,
				A92A31F62855DEC7007565B1 /* MessageCell.swift in Sources */,
			);
			runOnlyForDeploymentPostprocessing = 0;
		};
		A96CAA262845E0D9006114BE /* Sources */ = {
			isa = PBXSourcesBuildPhase;
			buildActionMask = 2147483647;
			files = (
				A96CAA2F2845E0DA006114BE /* fiteasyTests.swift in Sources */,
			);
			runOnlyForDeploymentPostprocessing = 0;
		};
		A96CAA302845E0DA006114BE /* Sources */ = {
			isa = PBXSourcesBuildPhase;
			buildActionMask = 2147483647;
			files = (
				A96CAA3B2845E0DA006114BE /* fiteasyUITestsLaunchTests.swift in Sources */,
				A96CAA392845E0DA006114BE /* fiteasyUITests.swift in Sources */,
			);
			runOnlyForDeploymentPostprocessing = 0;
		};
/* End PBXSourcesBuildPhase section */

/* Begin PBXTargetDependency section */
		A96CAA2C2845E0DA006114BE /* PBXTargetDependency */ = {
			isa = PBXTargetDependency;
			target = A96CAA132845E0D8006114BE /* fiteasy */;
			targetProxy = A96CAA2B2845E0DA006114BE /* PBXContainerItemProxy */;
		};
		A96CAA362845E0DA006114BE /* PBXTargetDependency */ = {
			isa = PBXTargetDependency;
			target = A96CAA132845E0D8006114BE /* fiteasy */;
			targetProxy = A96CAA352845E0DA006114BE /* PBXContainerItemProxy */;
		};
/* End PBXTargetDependency section */

/* Begin PBXVariantGroup section */
		A96CAA1D2845E0D8006114BE /* Main.storyboard */ = {
			isa = PBXVariantGroup;
			children = (
				A96CAA1E2845E0D8006114BE /* Base */,
			);
			name = Main.storyboard;
			sourceTree = "<group>";
		};
		A96CAA222845E0D9006114BE /* LaunchScreen.storyboard */ = {
			isa = PBXVariantGroup;
			children = (
				A96CAA232845E0D9006114BE /* Base */,
			);
			name = LaunchScreen.storyboard;
			sourceTree = "<group>";
		};
/* End PBXVariantGroup section */

/* Begin XCBuildConfiguration section */
		A96CAA3C2845E0DA006114BE /* Debug */ = {
			isa = XCBuildConfiguration;
			buildSettings = {
				ALWAYS_SEARCH_USER_PATHS = NO;
				CLANG_ANALYZER_NONNULL = YES;
				CLANG_ANALYZER_NUMBER_OBJECT_CONVERSION = YES_AGGRESSIVE;
				CLANG_CXX_LANGUAGE_STANDARD = "gnu++17";
				CLANG_ENABLE_MODULES = YES;
				CLANG_ENABLE_OBJC_ARC = YES;
				CLANG_ENABLE_OBJC_WEAK = YES;
				CLANG_WARN_BLOCK_CAPTURE_AUTORELEASING = YES;
				CLANG_WARN_BOOL_CONVERSION = YES;
				CLANG_WARN_COMMA = YES;
				CLANG_WARN_CONSTANT_CONVERSION = YES;
				CLANG_WARN_DEPRECATED_OBJC_IMPLEMENTATIONS = YES;
				CLANG_WARN_DIRECT_OBJC_ISA_USAGE = YES_ERROR;
				CLANG_WARN_DOCUMENTATION_COMMENTS = YES;
				CLANG_WARN_EMPTY_BODY = YES;
				CLANG_WARN_ENUM_CONVERSION = YES;
				CLANG_WARN_INFINITE_RECURSION = YES;
				CLANG_WARN_INT_CONVERSION = YES;
				CLANG_WARN_NON_LITERAL_NULL_CONVERSION = YES;
				CLANG_WARN_OBJC_IMPLICIT_RETAIN_SELF = YES;
				CLANG_WARN_OBJC_LITERAL_CONVERSION = YES;
				CLANG_WARN_OBJC_ROOT_CLASS = YES_ERROR;
				CLANG_WARN_QUOTED_INCLUDE_IN_FRAMEWORK_HEADER = YES;
				CLANG_WARN_RANGE_LOOP_ANALYSIS = YES;
				CLANG_WARN_STRICT_PROTOTYPES = YES;
				CLANG_WARN_SUSPICIOUS_MOVE = YES;
				CLANG_WARN_UNGUARDED_AVAILABILITY = YES_AGGRESSIVE;
				CLANG_WARN_UNREACHABLE_CODE = YES;
				CLANG_WARN__DUPLICATE_METHOD_MATCH = YES;
				COPY_PHASE_STRIP = NO;
				DEBUG_INFORMATION_FORMAT = dwarf;
				ENABLE_STRICT_OBJC_MSGSEND = YES;
				ENABLE_TESTABILITY = YES;
				GCC_C_LANGUAGE_STANDARD = gnu11;
				GCC_DYNAMIC_NO_PIC = NO;
				GCC_NO_COMMON_BLOCKS = YES;
				GCC_OPTIMIZATION_LEVEL = 0;
				GCC_PREPROCESSOR_DEFINITIONS = (
					"DEBUG=1",
					"$(inherited)",
				);
				GCC_WARN_64_TO_32_BIT_CONVERSION = YES;
				GCC_WARN_ABOUT_RETURN_TYPE = YES_ERROR;
				GCC_WARN_UNDECLARED_SELECTOR = YES;
				GCC_WARN_UNINITIALIZED_AUTOS = YES_AGGRESSIVE;
				GCC_WARN_UNUSED_FUNCTION = YES;
				GCC_WARN_UNUSED_VARIABLE = YES;
				IPHONEOS_DEPLOYMENT_TARGET = 15.5;
				MTL_ENABLE_DEBUG_INFO = INCLUDE_SOURCE;
				MTL_FAST_MATH = YES;
				ONLY_ACTIVE_ARCH = YES;
				SDKROOT = iphoneos;
				SWIFT_ACTIVE_COMPILATION_CONDITIONS = DEBUG;
				SWIFT_OPTIMIZATION_LEVEL = "-Onone";
			};
			name = Debug;
		};
		A96CAA3D2845E0DA006114BE /* Release */ = {
			isa = XCBuildConfiguration;
			buildSettings = {
				ALWAYS_SEARCH_USER_PATHS = NO;
				CLANG_ANALYZER_NONNULL = YES;
				CLANG_ANALYZER_NUMBER_OBJECT_CONVERSION = YES_AGGRESSIVE;
				CLANG_CXX_LANGUAGE_STANDARD = "gnu++17";
				CLANG_ENABLE_MODULES = YES;
				CLANG_ENABLE_OBJC_ARC = YES;
				CLANG_ENABLE_OBJC_WEAK = YES;
				CLANG_WARN_BLOCK_CAPTURE_AUTORELEASING = YES;
				CLANG_WARN_BOOL_CONVERSION = YES;
				CLANG_WARN_COMMA = YES;
				CLANG_WARN_CONSTANT_CONVERSION = YES;
				CLANG_WARN_DEPRECATED_OBJC_IMPLEMENTATIONS = YES;
				CLANG_WARN_DIRECT_OBJC_ISA_USAGE = YES_ERROR;
				CLANG_WARN_DOCUMENTATION_COMMENTS = YES;
				CLANG_WARN_EMPTY_BODY = YES;
				CLANG_WARN_ENUM_CONVERSION = YES;
				CLANG_WARN_INFINITE_RECURSION = YES;
				CLANG_WARN_INT_CONVERSION = YES;
				CLANG_WARN_NON_LITERAL_NULL_CONVERSION = YES;
				CLANG_WARN_OBJC_IMPLICIT_RETAIN_SELF = YES;
				CLANG_WARN_OBJC_LITERAL_CONVERSION = YES;
				CLANG_WARN_OBJC_ROOT_CLASS = YES_ERROR;
				CLANG_WARN_QUOTED_INCLUDE_IN_FRAMEWORK_HEADER = YES;
				CLANG_WARN_RANGE_LOOP_ANALYSIS = YES;
				CLANG_WARN_STRICT_PROTOTYPES = YES;
				CLANG_WARN_SUSPICIOUS_MOVE = YES;
				CLANG_WARN_UNGUARDED_AVAILABILITY = YES_AGGRESSIVE;
				CLANG_WARN_UNREACHABLE_CODE = YES;
				CLANG_WARN__DUPLICATE_METHOD_MATCH = YES;
				COPY_PHASE_STRIP = NO;
				DEBUG_INFORMATION_FORMAT = "dwarf-with-dsym";
				ENABLE_NS_ASSERTIONS = NO;
				ENABLE_STRICT_OBJC_MSGSEND = YES;
				GCC_C_LANGUAGE_STANDARD = gnu11;
				GCC_NO_COMMON_BLOCKS = YES;
				GCC_WARN_64_TO_32_BIT_CONVERSION = YES;
				GCC_WARN_ABOUT_RETURN_TYPE = YES_ERROR;
				GCC_WARN_UNDECLARED_SELECTOR = YES;
				GCC_WARN_UNINITIALIZED_AUTOS = YES_AGGRESSIVE;
				GCC_WARN_UNUSED_FUNCTION = YES;
				GCC_WARN_UNUSED_VARIABLE = YES;
				IPHONEOS_DEPLOYMENT_TARGET = 15.5;
				MTL_ENABLE_DEBUG_INFO = NO;
				MTL_FAST_MATH = YES;
				SDKROOT = iphoneos;
				SWIFT_COMPILATION_MODE = wholemodule;
				SWIFT_OPTIMIZATION_LEVEL = "-O";
				VALIDATE_PRODUCT = YES;
			};
			name = Release;
		};
		A96CAA3F2845E0DA006114BE /* Debug */ = {
			isa = XCBuildConfiguration;
			baseConfigurationReference = 89C2E22EA1A41D083019EB2D /* Pods-fiteasy.debug.xcconfig */;
			buildSettings = {
				ASSETCATALOG_COMPILER_APPICON_NAME = AppIcon;
				ASSETCATALOG_COMPILER_GLOBAL_ACCENT_COLOR_NAME = AccentColor;
				CODE_SIGN_STYLE = Automatic;
				CURRENT_PROJECT_VERSION = 1;
				DEVELOPMENT_TEAM = C53P78KWXA;
				GENERATE_INFOPLIST_FILE = YES;
				INFOPLIST_FILE = fiteasy/Info.plist;
				INFOPLIST_KEY_UIApplicationSupportsIndirectInputEvents = YES;
				INFOPLIST_KEY_UILaunchStoryboardName = LaunchScreen;
				INFOPLIST_KEY_UIMainStoryboardFile = Main;
				INFOPLIST_KEY_UISupportedInterfaceOrientations_iPad = "UIInterfaceOrientationPortrait UIInterfaceOrientationPortraitUpsideDown UIInterfaceOrientationLandscapeLeft UIInterfaceOrientationLandscapeRight";
				INFOPLIST_KEY_UISupportedInterfaceOrientations_iPhone = "UIInterfaceOrientationPortrait UIInterfaceOrientationLandscapeLeft UIInterfaceOrientationLandscapeRight";
				LD_RUNPATH_SEARCH_PATHS = (
					"$(inherited)",
					"@executable_path/Frameworks",
				);
				MARKETING_VERSION = 1.0;
				PRODUCT_BUNDLE_IDENTIFIER = com.AMalamud.fiteasy;
				PRODUCT_NAME = "$(TARGET_NAME)";
				SWIFT_EMIT_LOC_STRINGS = YES;
				SWIFT_VERSION = 5.0;
				TARGETED_DEVICE_FAMILY = 1;
			};
			name = Debug;
		};
		A96CAA402845E0DA006114BE /* Release */ = {
			isa = XCBuildConfiguration;
			baseConfigurationReference = 83A73840ED183E942EC519B0 /* Pods-fiteasy.release.xcconfig */;
			buildSettings = {
				ASSETCATALOG_COMPILER_APPICON_NAME = AppIcon;
				ASSETCATALOG_COMPILER_GLOBAL_ACCENT_COLOR_NAME = AccentColor;
				CODE_SIGN_STYLE = Automatic;
				CURRENT_PROJECT_VERSION = 1;
				DEVELOPMENT_TEAM = C53P78KWXA;
				GENERATE_INFOPLIST_FILE = YES;
				INFOPLIST_FILE = fiteasy/Info.plist;
				INFOPLIST_KEY_UIApplicationSupportsIndirectInputEvents = YES;
				INFOPLIST_KEY_UILaunchStoryboardName = LaunchScreen;
				INFOPLIST_KEY_UIMainStoryboardFile = Main;
				INFOPLIST_KEY_UISupportedInterfaceOrientations_iPad = "UIInterfaceOrientationPortrait UIInterfaceOrientationPortraitUpsideDown UIInterfaceOrientationLandscapeLeft UIInterfaceOrientationLandscapeRight";
				INFOPLIST_KEY_UISupportedInterfaceOrientations_iPhone = "UIInterfaceOrientationPortrait UIInterfaceOrientationLandscapeLeft UIInterfaceOrientationLandscapeRight";
				LD_RUNPATH_SEARCH_PATHS = (
					"$(inherited)",
					"@executable_path/Frameworks",
				);
				MARKETING_VERSION = 1.0;
				PRODUCT_BUNDLE_IDENTIFIER = com.AMalamud.fiteasy;
				PRODUCT_NAME = "$(TARGET_NAME)";
				SWIFT_EMIT_LOC_STRINGS = YES;
				SWIFT_VERSION = 5.0;
				TARGETED_DEVICE_FAMILY = 1;
			};
			name = Release;
		};
		A96CAA422845E0DA006114BE /* Debug */ = {
			isa = XCBuildConfiguration;
			buildSettings = {
				ALWAYS_EMBED_SWIFT_STANDARD_LIBRARIES = YES;
				BUNDLE_LOADER = "$(TEST_HOST)";
				CODE_SIGN_STYLE = Automatic;
				CURRENT_PROJECT_VERSION = 1;
				DEVELOPMENT_TEAM = C53P78KWXA;
				GENERATE_INFOPLIST_FILE = YES;
				IPHONEOS_DEPLOYMENT_TARGET = 15.5;
				MARKETING_VERSION = 1.0;
				PRODUCT_BUNDLE_IDENTIFIER = com.AMalamud.fiteasyTests;
				PRODUCT_NAME = "$(TARGET_NAME)";
				SWIFT_EMIT_LOC_STRINGS = NO;
				SWIFT_VERSION = 5.0;
				TARGETED_DEVICE_FAMILY = "1,2";
				TEST_HOST = "$(BUILT_PRODUCTS_DIR)/fiteasy.app/fiteasy";
			};
			name = Debug;
		};
		A96CAA432845E0DA006114BE /* Release */ = {
			isa = XCBuildConfiguration;
			buildSettings = {
				ALWAYS_EMBED_SWIFT_STANDARD_LIBRARIES = YES;
				BUNDLE_LOADER = "$(TEST_HOST)";
				CODE_SIGN_STYLE = Automatic;
				CURRENT_PROJECT_VERSION = 1;
				DEVELOPMENT_TEAM = C53P78KWXA;
				GENERATE_INFOPLIST_FILE = YES;
				IPHONEOS_DEPLOYMENT_TARGET = 15.5;
				MARKETING_VERSION = 1.0;
				PRODUCT_BUNDLE_IDENTIFIER = com.AMalamud.fiteasyTests;
				PRODUCT_NAME = "$(TARGET_NAME)";
				SWIFT_EMIT_LOC_STRINGS = NO;
				SWIFT_VERSION = 5.0;
				TARGETED_DEVICE_FAMILY = "1,2";
				TEST_HOST = "$(BUILT_PRODUCTS_DIR)/fiteasy.app/fiteasy";
			};
			name = Release;
		};
		A96CAA452845E0DA006114BE /* Debug */ = {
			isa = XCBuildConfiguration;
			buildSettings = {
				ALWAYS_EMBED_SWIFT_STANDARD_LIBRARIES = YES;
				CODE_SIGN_STYLE = Automatic;
				CURRENT_PROJECT_VERSION = 1;
				DEVELOPMENT_TEAM = C53P78KWXA;
				GENERATE_INFOPLIST_FILE = YES;
				MARKETING_VERSION = 1.0;
				PRODUCT_BUNDLE_IDENTIFIER = com.AMalamud.fiteasyUITests;
				PRODUCT_NAME = "$(TARGET_NAME)";
				SWIFT_EMIT_LOC_STRINGS = NO;
				SWIFT_VERSION = 5.0;
				TARGETED_DEVICE_FAMILY = "1,2";
				TEST_TARGET_NAME = fiteasy;
			};
			name = Debug;
		};
		A96CAA462845E0DA006114BE /* Release */ = {
			isa = XCBuildConfiguration;
			buildSettings = {
				ALWAYS_EMBED_SWIFT_STANDARD_LIBRARIES = YES;
				CODE_SIGN_STYLE = Automatic;
				CURRENT_PROJECT_VERSION = 1;
				DEVELOPMENT_TEAM = C53P78KWXA;
				GENERATE_INFOPLIST_FILE = YES;
				MARKETING_VERSION = 1.0;
				PRODUCT_BUNDLE_IDENTIFIER = com.AMalamud.fiteasyUITests;
				PRODUCT_NAME = "$(TARGET_NAME)";
				SWIFT_EMIT_LOC_STRINGS = NO;
				SWIFT_VERSION = 5.0;
				TARGETED_DEVICE_FAMILY = "1,2";
				TEST_TARGET_NAME = fiteasy;
			};
			name = Release;
		};
/* End XCBuildConfiguration section */

/* Begin XCConfigurationList section */
		A96CAA0F2845E0D8006114BE /* Build configuration list for PBXProject "fiteasy" */ = {
			isa = XCConfigurationList;
			buildConfigurations = (
				A96CAA3C2845E0DA006114BE /* Debug */,
				A96CAA3D2845E0DA006114BE /* Release */,
			);
			defaultConfigurationIsVisible = 0;
			defaultConfigurationName = Release;
		};
		A96CAA3E2845E0DA006114BE /* Build configuration list for PBXNativeTarget "fiteasy" */ = {
			isa = XCConfigurationList;
			buildConfigurations = (
				A96CAA3F2845E0DA006114BE /* Debug */,
				A96CAA402845E0DA006114BE /* Release */,
			);
			defaultConfigurationIsVisible = 0;
			defaultConfigurationName = Release;
		};
		A96CAA412845E0DA006114BE /* Build configuration list for PBXNativeTarget "fiteasyTests" */ = {
			isa = XCConfigurationList;
			buildConfigurations = (
				A96CAA422845E0DA006114BE /* Debug */,
				A96CAA432845E0DA006114BE /* Release */,
			);
			defaultConfigurationIsVisible = 0;
			defaultConfigurationName = Release;
		};
		A96CAA442845E0DA006114BE /* Build configuration list for PBXNativeTarget "fiteasyUITests" */ = {
			isa = XCConfigurationList;
			buildConfigurations = (
				A96CAA452845E0DA006114BE /* Debug */,
				A96CAA462845E0DA006114BE /* Release */,
			);
			defaultConfigurationIsVisible = 0;
			defaultConfigurationName = Release;
		};
/* End XCConfigurationList section */

/* Begin XCRemoteSwiftPackageReference section */
		A9671486285B311000F525CF /* XCRemoteSwiftPackageReference "swift-nio" */ = {
			isa = XCRemoteSwiftPackageReference;
			repositoryURL = "https://github.com/apple/swift-nio.git";
			requirement = {
				kind = upToNextMajorVersion;
				minimumVersion = 2.0.0;
			};
		};
/* End XCRemoteSwiftPackageReference section */

/* Begin XCSwiftPackageProductDependency section */
		A9671487285B311000F525CF /* NIO */ = {
			isa = XCSwiftPackageProductDependency;
			package = A9671486285B311000F525CF /* XCRemoteSwiftPackageReference "swift-nio" */;
			productName = NIO;
		};
/* End XCSwiftPackageProductDependency section */
	};
	rootObject = A96CAA0C2845E0D8006114BE /* Project object */;
}
